// !$*UTF8*$!
{
	archiveVersion = 1;
	classes = {
	};
	objectVersion = 46;
	objects = {

/* Begin PBXBuildFile section */
		781D08AB1F9EF3E40085D5E6 /* BirthdayCake.jpg in Resources */ = {isa = PBXBuildFile; fileRef = 781D08AA1F9EF3E40085D5E6 /* BirthdayCake.jpg */; };
		781D08B31F9FB5310085D5E6 /* PlanTableView.swift in Sources */ = {isa = PBXBuildFile; fileRef = 781D08B21F9FB5310085D5E6 /* PlanTableView.swift */; };
		781D08B51F9FB5B90085D5E6 /* PlanItem.swift in Sources */ = {isa = PBXBuildFile; fileRef = 781D08B41F9FB5B90085D5E6 /* PlanItem.swift */; };
		781D08B91FA0EC140085D5E6 /* Happy Birthday.mp3 in Resources */ = {isa = PBXBuildFile; fileRef = 781D08B81FA0EC140085D5E6 /* Happy Birthday.mp3 */; };
		781D08BB1FA0ED4C0085D5E6 /* bgBlue.png in Resources */ = {isa = PBXBuildFile; fileRef = 781D08BA1FA0ED4C0085D5E6 /* bgBlue.png */; };
		781D08BD1FA0F4690085D5E6 /* 1412472396.gif in Resources */ = {isa = PBXBuildFile; fileRef = 781D08BC1FA0F4690085D5E6 /* 1412472396.gif */; };
		781D08BF1FA0FC4C0085D5E6 /* 文字.gif in Resources */ = {isa = PBXBuildFile; fileRef = 781D08BE1FA0FC4C0085D5E6 /* 文字.gif */; };
		781D08C11FA0FF040085D5E6 /* lovebg.jpg in Resources */ = {isa = PBXBuildFile; fileRef = 781D08C01FA0FF040085D5E6 /* lovebg.jpg */; };
		781D08C31FA113B60085D5E6 /* NoteViewController.swift in Sources */ = {isa = PBXBuildFile; fileRef = 781D08C21FA113B60085D5E6 /* NoteViewController.swift */; };
		781D08C51FA2606D0085D5E6 /* PhotoView.swift in Sources */ = {isa = PBXBuildFile; fileRef = 781D08C41FA2606D0085D5E6 /* PhotoView.swift */; };
		781D08C71FA2667C0085D5E6 /* IMG_2595.JPG in Resources */ = {isa = PBXBuildFile; fileRef = 781D08C61FA2667C0085D5E6 /* IMG_2595.JPG */; };
		781D08CB1FA2EEE10085D5E6 /* MoreView.swift in Sources */ = {isa = PBXBuildFile; fileRef = 781D08CA1FA2EEE10085D5E6 /* MoreView.swift */; };
		781D08CF1FA2F1AE0085D5E6 /* 爱是一道光_2.jpg in Resources */ = {isa = PBXBuildFile; fileRef = 781D08CE1FA2F1AE0085D5E6 /* 爱是一道光_2.jpg */; };
		781D08D11FA2F4060085D5E6 /* IMG_4126.JPG in Resources */ = {isa = PBXBuildFile; fileRef = 781D08D01FA2F4060085D5E6 /* IMG_4126.JPG */; };
		781D08D31FA2FA150085D5E6 /* NoteBackground.png in Resources */ = {isa = PBXBuildFile; fileRef = 781D08D21FA2FA150085D5E6 /* NoteBackground.png */; };
		781D08D71FA2FC650085D5E6 /* 爱心.jpg in Resources */ = {isa = PBXBuildFile; fileRef = 781D08D61FA2FC650085D5E6 /* 爱心.jpg */; };
		781D08DD1FA2FD3E0085D5E6 /* profile_bg.png in Resources */ = {isa = PBXBuildFile; fileRef = 781D08DC1FA2FD3E0085D5E6 /* profile_bg.png */; };
		78A0E7BE1F1BE01300970A61 /* AppDelegate.swift in Sources */ = {isa = PBXBuildFile; fileRef = 78A0E7BD1F1BE01300970A61 /* AppDelegate.swift */; };
		78A0E7C01F1BE01300970A61 /* ViewController.swift in Sources */ = {isa = PBXBuildFile; fileRef = 78A0E7BF1F1BE01300970A61 /* ViewController.swift */; };
		78A0E7C31F1BE01300970A61 /* Main.storyboard in Resources */ = {isa = PBXBuildFile; fileRef = 78A0E7C11F1BE01300970A61 /* Main.storyboard */; };
		78A0E7C51F1BE01300970A61 /* Assets.xcassets in Resources */ = {isa = PBXBuildFile; fileRef = 78A0E7C41F1BE01300970A61 /* Assets.xcassets */; };
		78A0E7C81F1BE01300970A61 /* LaunchScreen.storyboard in Resources */ = {isa = PBXBuildFile; fileRef = 78A0E7C61F1BE01300970A61 /* LaunchScreen.storyboard */; };
		78A0E7D31F1BE01300970A61 /* DongWithQiTests.swift in Sources */ = {isa = PBXBuildFile; fileRef = 78A0E7D21F1BE01300970A61 /* DongWithQiTests.swift */; };
		78A0E7DE1F1BE01300970A61 /* DongWithQiUITests.swift in Sources */ = {isa = PBXBuildFile; fileRef = 78A0E7DD1F1BE01300970A61 /* DongWithQiUITests.swift */; };
		78A0E7EC1F1D26E300970A61 /* BmobSDK.framework in Frameworks */ = {isa = PBXBuildFile; fileRef = 78A0E7EB1F1D26E300970A61 /* BmobSDK.framework */; };
		78A0E7EF1F1D275500970A61 /* CoreLocation.framework in Frameworks */ = {isa = PBXBuildFile; fileRef = 78A0E7EE1F1D275500970A61 /* CoreLocation.framework */; };
		78A0E7F11F1D276E00970A61 /* Security.framework in Frameworks */ = {isa = PBXBuildFile; fileRef = 78A0E7F01F1D276E00970A61 /* Security.framework */; };
		78A0E7F31F1D277F00970A61 /* CoreGraphics.framework in Frameworks */ = {isa = PBXBuildFile; fileRef = 78A0E7F21F1D277F00970A61 /* CoreGraphics.framework */; };
		78A0E7F51F1D27A300970A61 /* MobileCoreServices.framework in Frameworks */ = {isa = PBXBuildFile; fileRef = 78A0E7F41F1D27A300970A61 /* MobileCoreServices.framework */; };
		78A0E7F71F1D27AB00970A61 /* CFNetwork.framework in Frameworks */ = {isa = PBXBuildFile; fileRef = 78A0E7F61F1D27AB00970A61 /* CFNetwork.framework */; };
		78A0E7F91F1D27B800970A61 /* CoreTelephony.framework in Frameworks */ = {isa = PBXBuildFile; fileRef = 78A0E7F81F1D27B800970A61 /* CoreTelephony.framework */; };
		78A0E7FB1F1D27CA00970A61 /* SystemConfiguration.framework in Frameworks */ = {isa = PBXBuildFile; fileRef = 78A0E7FA1F1D27CA00970A61 /* SystemConfiguration.framework */; };
		78A0E7FD1F1D27E100970A61 /* libz.1.2.5.tbd in Frameworks */ = {isa = PBXBuildFile; fileRef = 78A0E7FC1F1D27E100970A61 /* libz.1.2.5.tbd */; };
		78A0E7FF1F1D280100970A61 /* libicucore.tbd in Frameworks */ = {isa = PBXBuildFile; fileRef = 78A0E7FE1F1D280100970A61 /* libicucore.tbd */; };
		78A0E8011F1D282600970A61 /* libsqlite3.tbd in Frameworks */ = {isa = PBXBuildFile; fileRef = 78A0E8001F1D282600970A61 /* libsqlite3.tbd */; };
		78A0E8031F1D283A00970A61 /* libc++.tbd in Frameworks */ = {isa = PBXBuildFile; fileRef = 78A0E8021F1D283A00970A61 /* libc++.tbd */; };
/* End PBXBuildFile section */

/* Begin PBXContainerItemProxy section */
		78A0E7CF1F1BE01300970A61 /* PBXContainerItemProxy */ = {
			isa = PBXContainerItemProxy;
			containerPortal = 78A0E7B21F1BE01300970A61 /* Project object */;
			proxyType = 1;
			remoteGlobalIDString = 78A0E7B91F1BE01300970A61;
			remoteInfo = DongWithQi;
		};
		78A0E7DA1F1BE01300970A61 /* PBXContainerItemProxy */ = {
			isa = PBXContainerItemProxy;
			containerPortal = 78A0E7B21F1BE01300970A61 /* Project object */;
			proxyType = 1;
			remoteGlobalIDString = 78A0E7B91F1BE01300970A61;
			remoteInfo = DongWithQi;
		};
/* End PBXContainerItemProxy section */

/* Begin PBXFileReference section */
		781D08AA1F9EF3E40085D5E6 /* BirthdayCake.jpg */ = {isa = PBXFileReference; lastKnownFileType = image.jpeg; path = BirthdayCake.jpg; sourceTree = "<group>"; };
		781D08B21F9FB5310085D5E6 /* PlanTableView.swift */ = {isa = PBXFileReference; fileEncoding = 4; lastKnownFileType = sourcecode.swift; path = PlanTableView.swift; sourceTree = "<group>"; };
		781D08B41F9FB5B90085D5E6 /* PlanItem.swift */ = {isa = PBXFileReference; fileEncoding = 4; lastKnownFileType = sourcecode.swift; path = PlanItem.swift; sourceTree = "<group>"; };
		781D08B81FA0EC140085D5E6 /* Happy Birthday.mp3 */ = {isa = PBXFileReference; lastKnownFileType = audio.mp3; path = "Happy Birthday.mp3"; sourceTree = "<group>"; };
		781D08BA1FA0ED4C0085D5E6 /* bgBlue.png */ = {isa = PBXFileReference; lastKnownFileType = image.png; path = bgBlue.png; sourceTree = "<group>"; };
		781D08BC1FA0F4690085D5E6 /* 1412472396.gif */ = {isa = PBXFileReference; lastKnownFileType = image.gif; path = 1412472396.gif; sourceTree = "<group>"; };
		781D08BE1FA0FC4C0085D5E6 /* 文字.gif */ = {isa = PBXFileReference; lastKnownFileType = image.gif; path = "文字.gif"; sourceTree = "<group>"; };
		781D08C01FA0FF040085D5E6 /* lovebg.jpg */ = {isa = PBXFileReference; lastKnownFileType = image.jpeg; path = lovebg.jpg; sourceTree = "<group>"; };
		781D08C21FA113B60085D5E6 /* NoteViewController.swift */ = {isa = PBXFileReference; fileEncoding = 4; lastKnownFileType = sourcecode.swift; path = NoteViewController.swift; sourceTree = "<group>"; };
		781D08C41FA2606D0085D5E6 /* PhotoView.swift */ = {isa = PBXFileReference; fileEncoding = 4; lastKnownFileType = sourcecode.swift; path = PhotoView.swift; sourceTree = "<group>"; };
		781D08C61FA2667C0085D5E6 /* IMG_2595.JPG */ = {isa = PBXFileReference; lastKnownFileType = image.jpeg; path = IMG_2595.JPG; sourceTree = "<group>"; };
		781D08CA1FA2EEE10085D5E6 /* MoreView.swift */ = {isa = PBXFileReference; fileEncoding = 4; lastKnownFileType = sourcecode.swift; path = MoreView.swift; sourceTree = "<group>"; };
		781D08CE1FA2F1AE0085D5E6 /* 爱是一道光_2.jpg */ = {isa = PBXFileReference; lastKnownFileType = image.jpeg; path = "爱是一道光_2.jpg"; sourceTree = "<group>"; };
		781D08D01FA2F4060085D5E6 /* IMG_4126.JPG */ = {isa = PBXFileReference; lastKnownFileType = image.jpeg; path = IMG_4126.JPG; sourceTree = "<group>"; };
		781D08D21FA2FA150085D5E6 /* NoteBackground.png */ = {isa = PBXFileReference; lastKnownFileType = image.png; path = NoteBackground.png; sourceTree = "<group>"; };
		781D08D61FA2FC650085D5E6 /* 爱心.jpg */ = {isa = PBXFileReference; lastKnownFileType = image.jpeg; path = "爱心.jpg"; sourceTree = "<group>"; };
		781D08DC1FA2FD3E0085D5E6 /* profile_bg.png */ = {isa = PBXFileReference; lastKnownFileType = image.png; path = profile_bg.png; sourceTree = "<group>"; };
		78A0E7BA1F1BE01300970A61 /* DongWithQi.app */ = {isa = PBXFileReference; explicitFileType = wrapper.application; includeInIndex = 0; path = DongWithQi.app; sourceTree = BUILT_PRODUCTS_DIR; };
		78A0E7BD1F1BE01300970A61 /* AppDelegate.swift */ = {isa = PBXFileReference; lastKnownFileType = sourcecode.swift; path = AppDelegate.swift; sourceTree = "<group>"; };
		78A0E7BF1F1BE01300970A61 /* ViewController.swift */ = {isa = PBXFileReference; lastKnownFileType = sourcecode.swift; path = ViewController.swift; sourceTree = "<group>"; };
		78A0E7C21F1BE01300970A61 /* Base */ = {isa = PBXFileReference; lastKnownFileType = file.storyboard; name = Base; path = Base.lproj/Main.storyboard; sourceTree = "<group>"; };
		78A0E7C41F1BE01300970A61 /* Assets.xcassets */ = {isa = PBXFileReference; lastKnownFileType = folder.assetcatalog; path = Assets.xcassets; sourceTree = "<group>"; };
		78A0E7C71F1BE01300970A61 /* Base */ = {isa = PBXFileReference; lastKnownFileType = file.storyboard; name = Base; path = Base.lproj/LaunchScreen.storyboard; sourceTree = "<group>"; };
		78A0E7C91F1BE01300970A61 /* Info.plist */ = {isa = PBXFileReference; lastKnownFileType = text.plist.xml; path = Info.plist; sourceTree = "<group>"; };
		78A0E7CE1F1BE01300970A61 /* DongWithQiTests.xctest */ = {isa = PBXFileReference; explicitFileType = wrapper.cfbundle; includeInIndex = 0; path = DongWithQiTests.xctest; sourceTree = BUILT_PRODUCTS_DIR; };
		78A0E7D21F1BE01300970A61 /* DongWithQiTests.swift */ = {isa = PBXFileReference; lastKnownFileType = sourcecode.swift; path = DongWithQiTests.swift; sourceTree = "<group>"; };
		78A0E7D41F1BE01300970A61 /* Info.plist */ = {isa = PBXFileReference; lastKnownFileType = text.plist.xml; path = Info.plist; sourceTree = "<group>"; };
		78A0E7D91F1BE01300970A61 /* DongWithQiUITests.xctest */ = {isa = PBXFileReference; explicitFileType = wrapper.cfbundle; includeInIndex = 0; path = DongWithQiUITests.xctest; sourceTree = BUILT_PRODUCTS_DIR; };
		78A0E7DD1F1BE01300970A61 /* DongWithQiUITests.swift */ = {isa = PBXFileReference; lastKnownFileType = sourcecode.swift; path = DongWithQiUITests.swift; sourceTree = "<group>"; };
		78A0E7DF1F1BE01300970A61 /* Info.plist */ = {isa = PBXFileReference; lastKnownFileType = text.plist.xml; path = Info.plist; sourceTree = "<group>"; };
		78A0E7EB1F1D26E300970A61 /* BmobSDK.framework */ = {isa = PBXFileReference; lastKnownFileType = wrapper.framework; name = BmobSDK.framework; path = DongWithQi/BmobSDK.framework; sourceTree = "<group>"; };
		78A0E7EE1F1D275500970A61 /* CoreLocation.framework */ = {isa = PBXFileReference; lastKnownFileType = wrapper.framework; name = CoreLocation.framework; path = System/Library/Frameworks/CoreLocation.framework; sourceTree = SDKROOT; };
		78A0E7F01F1D276E00970A61 /* Security.framework */ = {isa = PBXFileReference; lastKnownFileType = wrapper.framework; name = Security.framework; path = System/Library/Frameworks/Security.framework; sourceTree = SDKROOT; };
		78A0E7F21F1D277F00970A61 /* CoreGraphics.framework */ = {isa = PBXFileReference; lastKnownFileType = wrapper.framework; name = CoreGraphics.framework; path = System/Library/Frameworks/CoreGraphics.framework; sourceTree = SDKROOT; };
		78A0E7F41F1D27A300970A61 /* MobileCoreServices.framework */ = {isa = PBXFileReference; lastKnownFileType = wrapper.framework; name = MobileCoreServices.framework; path = System/Library/Frameworks/MobileCoreServices.framework; sourceTree = SDKROOT; };
		78A0E7F61F1D27AB00970A61 /* CFNetwork.framework */ = {isa = PBXFileReference; lastKnownFileType = wrapper.framework; name = CFNetwork.framework; path = System/Library/Frameworks/CFNetwork.framework; sourceTree = SDKROOT; };
		78A0E7F81F1D27B800970A61 /* CoreTelephony.framework */ = {isa = PBXFileReference; lastKnownFileType = wrapper.framework; name = CoreTelephony.framework; path = System/Library/Frameworks/CoreTelephony.framework; sourceTree = SDKROOT; };
		78A0E7FA1F1D27CA00970A61 /* SystemConfiguration.framework */ = {isa = PBXFileReference; lastKnownFileType = wrapper.framework; name = SystemConfiguration.framework; path = System/Library/Frameworks/SystemConfiguration.framework; sourceTree = SDKROOT; };
		78A0E7FC1F1D27E100970A61 /* libz.1.2.5.tbd */ = {isa = PBXFileReference; lastKnownFileType = "sourcecode.text-based-dylib-definition"; name = libz.1.2.5.tbd; path = usr/lib/libz.1.2.5.tbd; sourceTree = SDKROOT; };
		78A0E7FE1F1D280100970A61 /* libicucore.tbd */ = {isa = PBXFileReference; lastKnownFileType = "sourcecode.text-based-dylib-definition"; name = libicucore.tbd; path = usr/lib/libicucore.tbd; sourceTree = SDKROOT; };
		78A0E8001F1D282600970A61 /* libsqlite3.tbd */ = {isa = PBXFileReference; lastKnownFileType = "sourcecode.text-based-dylib-definition"; name = libsqlite3.tbd; path = usr/lib/libsqlite3.tbd; sourceTree = SDKROOT; };
		78A0E8021F1D283A00970A61 /* libc++.tbd */ = {isa = PBXFileReference; lastKnownFileType = "sourcecode.text-based-dylib-definition"; name = "libc++.tbd"; path = "usr/lib/libc++.tbd"; sourceTree = SDKROOT; };
		78A0E8041F1D2A5E00970A61 /* DongWithQi-Bridging-Header.h */ = {isa = PBXFileReference; lastKnownFileType = sourcecode.c.h; path = "DongWithQi-Bridging-Header.h"; sourceTree = "<group>"; };
/* End PBXFileReference section */

/* Begin PBXFrameworksBuildPhase section */
		78A0E7B71F1BE01300970A61 /* Frameworks */ = {
			isa = PBXFrameworksBuildPhase;
			buildActionMask = 2147483647;
			files = (
				78A0E8031F1D283A00970A61 /* libc++.tbd in Frameworks */,
				78A0E8011F1D282600970A61 /* libsqlite3.tbd in Frameworks */,
				78A0E7FF1F1D280100970A61 /* libicucore.tbd in Frameworks */,
				78A0E7FD1F1D27E100970A61 /* libz.1.2.5.tbd in Frameworks */,
				78A0E7FB1F1D27CA00970A61 /* SystemConfiguration.framework in Frameworks */,
				78A0E7F91F1D27B800970A61 /* CoreTelephony.framework in Frameworks */,
				78A0E7F71F1D27AB00970A61 /* CFNetwork.framework in Frameworks */,
				78A0E7F51F1D27A300970A61 /* MobileCoreServices.framework in Frameworks */,
				78A0E7F31F1D277F00970A61 /* CoreGraphics.framework in Frameworks */,
				78A0E7F11F1D276E00970A61 /* Security.framework in Frameworks */,
				78A0E7EF1F1D275500970A61 /* CoreLocation.framework in Frameworks */,
				78A0E7EC1F1D26E300970A61 /* BmobSDK.framework in Frameworks */,
			);
			runOnlyForDeploymentPostprocessing = 0;
		};
		78A0E7CB1F1BE01300970A61 /* Frameworks */ = {
			isa = PBXFrameworksBuildPhase;
			buildActionMask = 2147483647;
			files = (
			);
			runOnlyForDeploymentPostprocessing = 0;
		};
		78A0E7D61F1BE01300970A61 /* Frameworks */ = {
			isa = PBXFrameworksBuildPhase;
			buildActionMask = 2147483647;
			files = (
			);
			runOnlyForDeploymentPostprocessing = 0;
		};
/* End PBXFrameworksBuildPhase section */

/* Begin PBXGroup section */
		78A0E7B11F1BE01300970A61 = {
			isa = PBXGroup;
			children = (
				78A0E7EB1F1D26E300970A61 /* BmobSDK.framework */,
				78A0E7BC1F1BE01300970A61 /* DongWithQi */,
				78A0E7D11F1BE01300970A61 /* DongWithQiTests */,
				78A0E7DC1F1BE01300970A61 /* DongWithQiUITests */,
				78A0E7BB1F1BE01300970A61 /* Products */,
				78A0E7ED1F1D275500970A61 /* Frameworks */,
				78A0E8041F1D2A5E00970A61 /* DongWithQi-Bridging-Header.h */,
			);
			sourceTree = "<group>";
		};
		78A0E7BB1F1BE01300970A61 /* Products */ = {
			isa = PBXGroup;
			children = (
				78A0E7BA1F1BE01300970A61 /* DongWithQi.app */,
				78A0E7CE1F1BE01300970A61 /* DongWithQiTests.xctest */,
				78A0E7D91F1BE01300970A61 /* DongWithQiUITests.xctest */,
			);
			name = Products;
			sourceTree = "<group>";
		};
		78A0E7BC1F1BE01300970A61 /* DongWithQi */ = {
			isa = PBXGroup;
			children = (
				78A0E7BD1F1BE01300970A61 /* AppDelegate.swift */,
				78A0E7BF1F1BE01300970A61 /* ViewController.swift */,
				78A0E7C11F1BE01300970A61 /* Main.storyboard */,
				78A0E7C41F1BE01300970A61 /* Assets.xcassets */,
				78A0E7C61F1BE01300970A61 /* LaunchScreen.storyboard */,
				78A0E7C91F1BE01300970A61 /* Info.plist */,
				781D08AA1F9EF3E40085D5E6 /* BirthdayCake.jpg */,
				781D08B21F9FB5310085D5E6 /* PlanTableView.swift */,
				781D08B41F9FB5B90085D5E6 /* PlanItem.swift */,
				781D08B81FA0EC140085D5E6 /* Happy Birthday.mp3 */,
				781D08BA1FA0ED4C0085D5E6 /* bgBlue.png */,
				781D08BC1FA0F4690085D5E6 /* 1412472396.gif */,
				781D08BE1FA0FC4C0085D5E6 /* 文字.gif */,
				781D08C01FA0FF040085D5E6 /* lovebg.jpg */,
				781D08C21FA113B60085D5E6 /* NoteViewController.swift */,
				781D08C41FA2606D0085D5E6 /* PhotoView.swift */,
				781D08C61FA2667C0085D5E6 /* IMG_2595.JPG */,
				781D08CE1FA2F1AE0085D5E6 /* 爱是一道光_2.jpg */,
				781D08CA1FA2EEE10085D5E6 /* MoreView.swift */,
				781D08D01FA2F4060085D5E6 /* IMG_4126.JPG */,
				781D08D21FA2FA150085D5E6 /* NoteBackground.png */,
				781D08DC1FA2FD3E0085D5E6 /* profile_bg.png */,
				781D08D61FA2FC650085D5E6 /* 爱心.jpg */,
			);
			path = DongWithQi;
			sourceTree = "<group>";
		};
		78A0E7D11F1BE01300970A61 /* DongWithQiTests */ = {
			isa = PBXGroup;
			children = (
				78A0E7D21F1BE01300970A61 /* DongWithQiTests.swift */,
				78A0E7D41F1BE01300970A61 /* Info.plist */,
			);
			path = DongWithQiTests;
			sourceTree = "<group>";
		};
		78A0E7DC1F1BE01300970A61 /* DongWithQiUITests */ = {
			isa = PBXGroup;
			children = (
				78A0E7DD1F1BE01300970A61 /* DongWithQiUITests.swift */,
				78A0E7DF1F1BE01300970A61 /* Info.plist */,
			);
			path = DongWithQiUITests;
			sourceTree = "<group>";
		};
		78A0E7ED1F1D275500970A61 /* Frameworks */ = {
			isa = PBXGroup;
			children = (
				78A0E8021F1D283A00970A61 /* libc++.tbd */,
				78A0E8001F1D282600970A61 /* libsqlite3.tbd */,
				78A0E7FE1F1D280100970A61 /* libicucore.tbd */,
				78A0E7FC1F1D27E100970A61 /* libz.1.2.5.tbd */,
				78A0E7FA1F1D27CA00970A61 /* SystemConfiguration.framework */,
				78A0E7F81F1D27B800970A61 /* CoreTelephony.framework */,
				78A0E7F61F1D27AB00970A61 /* CFNetwork.framework */,
				78A0E7F41F1D27A300970A61 /* MobileCoreServices.framework */,
				78A0E7F21F1D277F00970A61 /* CoreGraphics.framework */,
				78A0E7F01F1D276E00970A61 /* Security.framework */,
				78A0E7EE1F1D275500970A61 /* CoreLocation.framework */,
			);
			name = Frameworks;
			sourceTree = "<group>";
		};
/* End PBXGroup section */

/* Begin PBXNativeTarget section */
		78A0E7B91F1BE01300970A61 /* DongWithQi */ = {
			isa = PBXNativeTarget;
			buildConfigurationList = 78A0E7E21F1BE01300970A61 /* Build configuration list for PBXNativeTarget "DongWithQi" */;
			buildPhases = (
				78A0E7B61F1BE01300970A61 /* Sources */,
				78A0E7B71F1BE01300970A61 /* Frameworks */,
				78A0E7B81F1BE01300970A61 /* Resources */,
			);
			buildRules = (
			);
			dependencies = (
			);
			name = DongWithQi;
			productName = DongWithQi;
			productReference = 78A0E7BA1F1BE01300970A61 /* DongWithQi.app */;
			productType = "com.apple.product-type.application";
		};
		78A0E7CD1F1BE01300970A61 /* DongWithQiTests */ = {
			isa = PBXNativeTarget;
			buildConfigurationList = 78A0E7E51F1BE01300970A61 /* Build configuration list for PBXNativeTarget "DongWithQiTests" */;
			buildPhases = (
				78A0E7CA1F1BE01300970A61 /* Sources */,
				78A0E7CB1F1BE01300970A61 /* Frameworks */,
				78A0E7CC1F1BE01300970A61 /* Resources */,
			);
			buildRules = (
			);
			dependencies = (
				78A0E7D01F1BE01300970A61 /* PBXTargetDependency */,
			);
			name = DongWithQiTests;
			productName = DongWithQiTests;
			productReference = 78A0E7CE1F1BE01300970A61 /* DongWithQiTests.xctest */;
			productType = "com.apple.product-type.bundle.unit-test";
		};
		78A0E7D81F1BE01300970A61 /* DongWithQiUITests */ = {
			isa = PBXNativeTarget;
			buildConfigurationList = 78A0E7E81F1BE01300970A61 /* Build configuration list for PBXNativeTarget "DongWithQiUITests" */;
			buildPhases = (
				78A0E7D51F1BE01300970A61 /* Sources */,
				78A0E7D61F1BE01300970A61 /* Frameworks */,
				78A0E7D71F1BE01300970A61 /* Resources */,
			);
			buildRules = (
			);
			dependencies = (
				78A0E7DB1F1BE01300970A61 /* PBXTargetDependency */,
			);
			name = DongWithQiUITests;
			productName = DongWithQiUITests;
			productReference = 78A0E7D91F1BE01300970A61 /* DongWithQiUITests.xctest */;
			productType = "com.apple.product-type.bundle.ui-testing";
		};
/* End PBXNativeTarget section */

/* Begin PBXProject section */
		78A0E7B21F1BE01300970A61 /* Project object */ = {
			isa = PBXProject;
			attributes = {
				LastSwiftUpdateCheck = 0830;
				LastUpgradeCheck = 0830;
				ORGANIZATIONNAME = "叶东强子";
				TargetAttributes = {
					78A0E7B91F1BE01300970A61 = {
						CreatedOnToolsVersion = 8.3.3;
						LastSwiftMigration = 0830;
						ProvisioningStyle = Automatic;
					};
					78A0E7CD1F1BE01300970A61 = {
						CreatedOnToolsVersion = 8.3.3;
						ProvisioningStyle = Automatic;
						TestTargetID = 78A0E7B91F1BE01300970A61;
					};
					78A0E7D81F1BE01300970A61 = {
						CreatedOnToolsVersion = 8.3.3;
						ProvisioningStyle = Automatic;
						TestTargetID = 78A0E7B91F1BE01300970A61;
					};
				};
			};
			buildConfigurationList = 78A0E7B51F1BE01300970A61 /* Build configuration list for PBXProject "DongWithQi" */;
			compatibilityVersion = "Xcode 3.2";
			developmentRegion = English;
			hasScannedForEncodings = 0;
			knownRegions = (
				en,
				Base,
			);
			mainGroup = 78A0E7B11F1BE01300970A61;
			productRefGroup = 78A0E7BB1F1BE01300970A61 /* Products */;
			projectDirPath = "";
			projectRoot = "";
			targets = (
				78A0E7B91F1BE01300970A61 /* DongWithQi */,
				78A0E7CD1F1BE01300970A61 /* DongWithQiTests */,
				78A0E7D81F1BE01300970A61 /* DongWithQiUITests */,
			);
		};
/* End PBXProject section */

/* Begin PBXResourcesBuildPhase section */
		78A0E7B81F1BE01300970A61 /* Resources */ = {
			isa = PBXResourcesBuildPhase;
			buildActionMask = 2147483647;
			files = (
				781D08D71FA2FC650085D5E6 /* 爱心.jpg in Resources */,
				781D08BF1FA0FC4C0085D5E6 /* 文字.gif in Resources */,
				78A0E7C81F1BE01300970A61 /* LaunchScreen.storyboard in Resources */,
				781D08C71FA2667C0085D5E6 /* IMG_2595.JPG in Resources */,
				781D08DD1FA2FD3E0085D5E6 /* profile_bg.png in Resources */,
				78A0E7C51F1BE01300970A61 /* Assets.xcassets in Resources */,
				781D08BB1FA0ED4C0085D5E6 /* bgBlue.png in Resources */,
				781D08AB1F9EF3E40085D5E6 /* BirthdayCake.jpg in Resources */,
				781D08CF1FA2F1AE0085D5E6 /* 爱是一道光_2.jpg in Resources */,
				781D08B91FA0EC140085D5E6 /* Happy Birthday.mp3 in Resources */,
				781D08D11FA2F4060085D5E6 /* IMG_4126.JPG in Resources */,
				781D08C11FA0FF040085D5E6 /* lovebg.jpg in Resources */,
				781D08D31FA2FA150085D5E6 /* NoteBackground.png in Resources */,
				78A0E7C31F1BE01300970A61 /* Main.storyboard in Resources */,
				781D08BD1FA0F4690085D5E6 /* 1412472396.gif in Resources */,
			);
			runOnlyForDeploymentPostprocessing = 0;
		};
		78A0E7CC1F1BE01300970A61 /* Resources */ = {
			isa = PBXResourcesBuildPhase;
			buildActionMask = 2147483647;
			files = (
			);
			runOnlyForDeploymentPostprocessing = 0;
		};
		78A0E7D71F1BE01300970A61 /* Resources */ = {
			isa = PBXResourcesBuildPhase;
			buildActionMask = 2147483647;
			files = (
			);
			runOnlyForDeploymentPostprocessing = 0;
		};
/* End PBXResourcesBuildPhase section */

/* Begin PBXSourcesBuildPhase section */
		78A0E7B61F1BE01300970A61 /* Sources */ = {
			isa = PBXSourcesBuildPhase;
			buildActionMask = 2147483647;
			files = (
				781D08CB1FA2EEE10085D5E6 /* MoreView.swift in Sources */,
				78A0E7C01F1BE01300970A61 /* ViewController.swift in Sources */,
				781D08B31F9FB5310085D5E6 /* PlanTableView.swift in Sources */,
				78A0E7BE1F1BE01300970A61 /* AppDelegate.swift in Sources */,
				781D08C51FA2606D0085D5E6 /* PhotoView.swift in Sources */,
				781D08C31FA113B60085D5E6 /* NoteViewController.swift in Sources */,
				781D08B51F9FB5B90085D5E6 /* PlanItem.swift in Sources */,
			);
			runOnlyForDeploymentPostprocessing = 0;
		};
		78A0E7CA1F1BE01300970A61 /* Sources */ = {
			isa = PBXSourcesBuildPhase;
			buildActionMask = 2147483647;
			files = (
				78A0E7D31F1BE01300970A61 /* DongWithQiTests.swift in Sources */,
			);
			runOnlyForDeploymentPostprocessing = 0;
		};
		78A0E7D51F1BE01300970A61 /* Sources */ = {
			isa = PBXSourcesBuildPhase;
			buildActionMask = 2147483647;
			files = (
				78A0E7DE1F1BE01300970A61 /* DongWithQiUITests.swift in Sources */,
			);
			runOnlyForDeploymentPostprocessing = 0;
		};
/* End PBXSourcesBuildPhase section */

/* Begin PBXTargetDependency section */
		78A0E7D01F1BE01300970A61 /* PBXTargetDependency */ = {
			isa = PBXTargetDependency;
			target = 78A0E7B91F1BE01300970A61 /* DongWithQi */;
			targetProxy = 78A0E7CF1F1BE01300970A61 /* PBXContainerItemProxy */;
		};
		78A0E7DB1F1BE01300970A61 /* PBXTargetDependency */ = {
			isa = PBXTargetDependency;
			target = 78A0E7B91F1BE01300970A61 /* DongWithQi */;
			targetProxy = 78A0E7DA1F1BE01300970A61 /* PBXContainerItemProxy */;
		};
/* End PBXTargetDependency section */

/* Begin PBXVariantGroup section */
		78A0E7C11F1BE01300970A61 /* Main.storyboard */ = {
			isa = PBXVariantGroup;
			children = (
				78A0E7C21F1BE01300970A61 /* Base */,
			);
			name = Main.storyboard;
			sourceTree = "<group>";
		};
		78A0E7C61F1BE01300970A61 /* LaunchScreen.storyboard */ = {
			isa = PBXVariantGroup;
			children = (
				78A0E7C71F1BE01300970A61 /* Base */,
			);
			name = LaunchScreen.storyboard;
			sourceTree = "<group>";
		};
/* End PBXVariantGroup section */

/* Begin XCBuildConfiguration section */
		78A0E7E01F1BE01300970A61 /* Debug */ = {
			isa = XCBuildConfiguration;
			buildSettings = {
				ALWAYS_SEARCH_USER_PATHS = NO;
				CLANG_ANALYZER_NONNULL = YES;
				CLANG_ANALYZER_NUMBER_OBJECT_CONVERSION = YES_AGGRESSIVE;
				CLANG_CXX_LANGUAGE_STANDARD = "gnu++0x";
				CLANG_CXX_LIBRARY = "libc++";
				CLANG_ENABLE_MODULES = YES;
				CLANG_ENABLE_OBJC_ARC = YES;
				CLANG_WARN_BOOL_CONVERSION = YES;
				CLANG_WARN_CONSTANT_CONVERSION = YES;
				CLANG_WARN_DIRECT_OBJC_ISA_USAGE = YES_ERROR;
				CLANG_WARN_DOCUMENTATION_COMMENTS = YES;
				CLANG_WARN_EMPTY_BODY = YES;
				CLANG_WARN_ENUM_CONVERSION = YES;
				CLANG_WARN_INFINITE_RECURSION = YES;
				CLANG_WARN_INT_CONVERSION = YES;
				CLANG_WARN_OBJC_ROOT_CLASS = YES_ERROR;
				CLANG_WARN_SUSPICIOUS_MOVE = YES;
				CLANG_WARN_UNREACHABLE_CODE = YES;
				CLANG_WARN__DUPLICATE_METHOD_MATCH = YES;
				"CODE_SIGN_IDENTITY[sdk=iphoneos*]" = "iPhone Developer";
				COPY_PHASE_STRIP = NO;
				DEBUG_INFORMATION_FORMAT = dwarf;
				ENABLE_STRICT_OBJC_MSGSEND = YES;
				ENABLE_TESTABILITY = YES;
				GCC_C_LANGUAGE_STANDARD = gnu99;
				GCC_DYNAMIC_NO_PIC = NO;
				GCC_NO_COMMON_BLOCKS = YES;
				GCC_OPTIMIZATION_LEVEL = 0;
				GCC_PREPROCESSOR_DEFINITIONS = (
					"DEBUG=1",
					"$(inherited)",
				);
				GCC_WARN_64_TO_32_BIT_CONVERSION = YES;
				GCC_WARN_ABOUT_RETURN_TYPE = YES_ERROR;
				GCC_WARN_UNDECLARED_SELECTOR = YES;
				GCC_WARN_UNINITIALIZED_AUTOS = YES_AGGRESSIVE;
				GCC_WARN_UNUSED_FUNCTION = YES;
				GCC_WARN_UNUSED_VARIABLE = YES;
				IPHONEOS_DEPLOYMENT_TARGET = 10.3;
				MTL_ENABLE_DEBUG_INFO = YES;
				ONLY_ACTIVE_ARCH = YES;
				SDKROOT = iphoneos;
				SWIFT_ACTIVE_COMPILATION_CONDITIONS = DEBUG;
				SWIFT_OPTIMIZATION_LEVEL = "-Onone";
				TARGETED_DEVICE_FAMILY = "1,2";
			};
			name = Debug;
		};
		78A0E7E11F1BE01300970A61 /* Release */ = {
			isa = XCBuildConfiguration;
			buildSettings = {
				ALWAYS_SEARCH_USER_PATHS = NO;
				CLANG_ANALYZER_NONNULL = YES;
				CLANG_ANALYZER_NUMBER_OBJECT_CONVERSION = YES_AGGRESSIVE;
				CLANG_CXX_LANGUAGE_STANDARD = "gnu++0x";
				CLANG_CXX_LIBRARY = "libc++";
				CLANG_ENABLE_MODULES = YES;
				CLANG_ENABLE_OBJC_ARC = YES;
				CLANG_WARN_BOOL_CONVERSION = YES;
				CLANG_WARN_CONSTANT_CONVERSION = YES;
				CLANG_WARN_DIRECT_OBJC_ISA_USAGE = YES_ERROR;
				CLANG_WARN_DOCUMENTATION_COMMENTS = YES;
				CLANG_WARN_EMPTY_BODY = YES;
				CLANG_WARN_ENUM_CONVERSION = YES;
				CLANG_WARN_INFINITE_RECURSION = YES;
				CLANG_WARN_INT_CONVERSION = YES;
				CLANG_WARN_OBJC_ROOT_CLASS = YES_ERROR;
				CLANG_WARN_SUSPICIOUS_MOVE = YES;
				CLANG_WARN_UNREACHABLE_CODE = YES;
				CLANG_WARN__DUPLICATE_METHOD_MATCH = YES;
				"CODE_SIGN_IDENTITY[sdk=iphoneos*]" = "iPhone Developer";
				COPY_PHASE_STRIP = NO;
				DEBUG_INFORMATION_FORMAT = "dwarf-with-dsym";
				ENABLE_NS_ASSERTIONS = NO;
				ENABLE_STRICT_OBJC_MSGSEND = YES;
				GCC_C_LANGUAGE_STANDARD = gnu99;
				GCC_NO_COMMON_BLOCKS = YES;
				GCC_WARN_64_TO_32_BIT_CONVERSION = YES;
				GCC_WARN_ABOUT_RETURN_TYPE = YES_ERROR;
				GCC_WARN_UNDECLARED_SELECTOR = YES;
				GCC_WARN_UNINITIALIZED_AUTOS = YES_AGGRESSIVE;
				GCC_WARN_UNUSED_FUNCTION = YES;
				GCC_WARN_UNUSED_VARIABLE = YES;
				IPHONEOS_DEPLOYMENT_TARGET = 10.3;
				MTL_ENABLE_DEBUG_INFO = NO;
				SDKROOT = iphoneos;
				SWIFT_OPTIMIZATION_LEVEL = "-Owholemodule";
				TARGETED_DEVICE_FAMILY = "1,2";
				VALIDATE_PRODUCT = YES;
			};
			name = Release;
		};
		78A0E7E31F1BE01300970A61 /* Debug */ = {
			isa = XCBuildConfiguration;
			buildSettings = {
				ASSETCATALOG_COMPILER_APPICON_NAME = AppIcon;
				CLANG_ENABLE_MODULES = YES;
				FRAMEWORK_SEARCH_PATHS = (
					"$(inherited)",
					"$(PROJECT_DIR)/DongWithQi",
				);
				INFOPLIST_FILE = DongWithQi/Info.plist;
				LD_RUNPATH_SEARCH_PATHS = "$(inherited) @executable_path/Frameworks";
				PRODUCT_BUNDLE_IDENTIFIER = EowinYe.DongWithQi;
				PRODUCT_NAME = "$(TARGET_NAME)";
				SWIFT_OBJC_BRIDGING_HEADER = "DongWithQi-Bridging-Header.h";
				SWIFT_OPTIMIZATION_LEVEL = "-Onone";
				SWIFT_VERSION = 3.0;
			};
			name = Debug;
		};
		78A0E7E41F1BE01300970A61 /* Release */ = {
			isa = XCBuildConfiguration;
			buildSettings = {
				ASSETCATALOG_COMPILER_APPICON_NAME = AppIcon;
				CLANG_ENABLE_MODULES = YES;
				FRAMEWORK_SEARCH_PATHS = (
					"$(inherited)",
					"$(PROJECT_DIR)/DongWithQi",
				);
				INFOPLIST_FILE = DongWithQi/Info.plist;
				LD_RUNPATH_SEARCH_PATHS = "$(inherited) @executable_path/Frameworks";
				PRODUCT_BUNDLE_IDENTIFIER = EowinYe.DongWithQi;
				PRODUCT_NAME = "$(TARGET_NAME)";
				SWIFT_OBJC_BRIDGING_HEADER = "DongWithQi-Bridging-Header.h";
				SWIFT_VERSION = 3.0;
			};
			name = Release;
		};
		78A0E7E61F1BE01300970A61 /* Debug */ = {
			isa = XCBuildConfiguration;
			buildSettings = {
				ALWAYS_EMBED_SWIFT_STANDARD_LIBRARIES = YES;
				BUNDLE_LOADER = "$(TEST_HOST)";
				INFOPLIST_FILE = DongWithQiTests/Info.plist;
				LD_RUNPATH_SEARCH_PATHS = "$(inherited) @executable_path/Frameworks @loader_path/Frameworks";
				PRODUCT_BUNDLE_IDENTIFIER = EowinYe.DongWithQiTests;
				PRODUCT_NAME = "$(TARGET_NAME)";
				SWIFT_VERSION = 3.0;
				TEST_HOST = "$(BUILT_PRODUCTS_DIR)/DongWithQi.app/DongWithQi";
			};
			name = Debug;
		};
		78A0E7E71F1BE01300970A61 /* Release */ = {
			isa = XCBuildConfiguration;
			buildSettings = {
				ALWAYS_EMBED_SWIFT_STANDARD_LIBRARIES = YES;
				BUNDLE_LOADER = "$(TEST_HOST)";
				INFOPLIST_FILE = DongWithQiTests/Info.plist;
				LD_RUNPATH_SEARCH_PATHS = "$(inherited) @executable_path/Frameworks @loader_path/Frameworks";
				PRODUCT_BUNDLE_IDENTIFIER = EowinYe.DongWithQiTests;
				PRODUCT_NAME = "$(TARGET_NAME)";
				SWIFT_VERSION = 3.0;
				TEST_HOST = "$(BUILT_PRODUCTS_DIR)/DongWithQi.app/DongWithQi";
			};
			name = Release;
		};
		78A0E7E91F1BE01300970A61 /* Debug */ = {
			isa = XCBuildConfiguration;
			buildSettings = {
				ALWAYS_EMBED_SWIFT_STANDARD_LIBRARIES = YES;
				INFOPLIST_FILE = DongWithQiUITests/Info.plist;
				LD_RUNPATH_SEARCH_PATHS = "$(inherited) @executable_path/Frameworks @loader_path/Frameworks";
				PRODUCT_BUNDLE_IDENTIFIER = EowinYe.DongWithQiUITests;
				PRODUCT_NAME = "$(TARGET_NAME)";
				SWIFT_VERSION = 3.0;
				TEST_TARGET_NAME = DongWithQi;
			};
			name = Debug;
		};
		78A0E7EA1F1BE01300970A61 /* Release */ = {
			isa = XCBuildConfiguration;
			buildSettings = {
				ALWAYS_EMBED_SWIFT_STANDARD_LIBRARIES = YES;
				INFOPLIST_FILE = DongWithQiUITests/Info.plist;
				LD_RUNPATH_SEARCH_PATHS = "$(inherited) @executable_path/Frameworks @loader_path/Frameworks";
				PRODUCT_BUNDLE_IDENTIFIER = EowinYe.DongWithQiUITests;
				PRODUCT_NAME = "$(TARGET_NAME)";
				SWIFT_VERSION = 3.0;
				TEST_TARGET_NAME = DongWithQi;
			};
			name = Release;
		};
/* End XCBuildConfiguration section */

/* Begin XCConfigurationList section */
		78A0E7B51F1BE01300970A61 /* Build configuration list for PBXProject "DongWithQi" */ = {
			isa = XCConfigurationList;
			buildConfigurations = (
				78A0E7E01F1BE01300970A61 /* Debug */,
				78A0E7E11F1BE01300970A61 /* Release */,
			);
			defaultConfigurationIsVisible = 0;
			defaultConfigurationName = Release;
		};
		78A0E7E21F1BE01300970A61 /* Build configuration list for PBXNativeTarget "DongWithQi" */ = {
			isa = XCConfigurationList;
			buildConfigurations = (
				78A0E7E31F1BE01300970A61 /* Debug */,
				78A0E7E41F1BE01300970A61 /* Release */,
			);
			defaultConfigurationIsVisible = 0;
			defaultConfigurationName = Release;
		};
		78A0E7E51F1BE01300970A61 /* Build configuration list for PBXNativeTarget "DongWithQiTests" */ = {
			isa = XCConfigurationList;
			buildConfigurations = (
				78A0E7E61F1BE01300970A61 /* Debug */,
				78A0E7E71F1BE01300970A61 /* Release */,
			);
			defaultConfigurationIsVisible = 0;
			defaultConfigurationName = Release;
		};
		78A0E7E81F1BE01300970A61 /* Build configuration list for PBXNativeTarget "DongWithQiUITests" */ = {
			isa = XCConfigurationList;
			buildConfigurations = (
				78A0E7E91F1BE01300970A61 /* Debug */,
				78A0E7EA1F1BE01300970A61 /* Release */,
			);
			defaultConfigurationIsVisible = 0;
			defaultConfigurationName = Release;
		};
/* End XCConfigurationList section */
	};
	rootObject = 78A0E7B21F1BE01300970A61 /* Project object */;
}
